// !$*UTF8*$!
{
	archiveVersion = 1;
	classes = {
	};
	objectVersion = 55;
	objects = {

/* Begin PBXBuildFile section */
		B4121EC42820730B0028F176 /* ReadingListModel.docc in Sources */ = {isa = PBXBuildFile; fileRef = B4121EC32820730B0028F176 /* ReadingListModel.docc */; };
		B4121ECA2820730B0028F176 /* ReadingListModel.framework in Frameworks */ = {isa = PBXBuildFile; fileRef = B4121EC02820730B0028F176 /* ReadingListModel.framework */; };
		B4121ED12820730B0028F176 /* ReadingListModelTests.swift in Sources */ = {isa = PBXBuildFile; fileRef = B4121ED02820730B0028F176 /* ReadingListModelTests.swift */; };
		B4121ED22820730B0028F176 /* ReadingListModel.h in Headers */ = {isa = PBXBuildFile; fileRef = B4121EC22820730B0028F176 /* ReadingListModel.h */; settings = {ATTRIBUTES = (Public, ); }; };
		B4121ED52820730B0028F176 /* ReadingListModel.framework in Frameworks */ = {isa = PBXBuildFile; fileRef = B4121EC02820730B0028F176 /* ReadingListModel.framework */; };
		B4121ED62820730B0028F176 /* ReadingListModel.framework in Embed Frameworks */ = {isa = PBXBuildFile; fileRef = B4121EC02820730B0028F176 /* ReadingListModel.framework */; settings = {ATTRIBUTES = (CodeSignOnCopy, RemoveHeadersOnCopy, ); }; };
		B4121EDF282073460028F176 /* Book.swift in Sources */ = {isa = PBXBuildFile; fileRef = B4121EDE282073460028F176 /* Book.swift */; };
		B4121EE1282074E70028F176 /* Author.swift in Sources */ = {isa = PBXBuildFile; fileRef = B4121EE0282074E70028F176 /* Author.swift */; };
		B4121EE3282AD5D30028F176 /* ReadingList.swift in Sources */ = {isa = PBXBuildFile; fileRef = B4121EE2282AD5D30028F176 /* ReadingList.swift */; };
		B4121EE5282AEC6F0028F176 /* DataStore.swift in Sources */ = {isa = PBXBuildFile; fileRef = B4121EE4282AEC6F0028F176 /* DataStore.swift */; };
		B4BCB71D282E7E6B0046EB44 /* APIClient.swift in Sources */ = {isa = PBXBuildFile; fileRef = B4BCB71C282E7E6B0046EB44 /* APIClient.swift */; };
		B4BCB71F282E9C390046EB44 /* ReadingListViewModel.swift in Sources */ = {isa = PBXBuildFile; fileRef = B4BCB71E282E9C390046EB44 /* ReadingListViewModel.swift */; };
		B4BCB721282EA9B60046EB44 /* ReadingList.json in Resources */ = {isa = PBXBuildFile; fileRef = B4BCB720282EA9B60046EB44 /* ReadingList.json */; };
		B4BCB723282EEC3E0046EB44 /* BookCell.swift in Sources */ = {isa = PBXBuildFile; fileRef = B4BCB722282EEC3E0046EB44 /* BookCell.swift */; };
		B4BCB725282EEDF90046EB44 /* TestData.swift in Sources */ = {isa = PBXBuildFile; fileRef = B4BCB724282EEDF90046EB44 /* TestData.swift */; };
		B4BCB737282EFC070046EB44 /* Julius Caesar.jpg in Resources */ = {isa = PBXBuildFile; fileRef = B4BCB727282EFC070046EB44 /* Julius Caesar.jpg */; };
		B4BCB738282EFC070046EB44 /* The Brothers Karamozov.jpg in Resources */ = {isa = PBXBuildFile; fileRef = B4BCB728282EFC070046EB44 /* The Brothers Karamozov.jpg */; };
		B4BCB739282EFC070046EB44 /* War and Peace.jpg in Resources */ = {isa = PBXBuildFile; fileRef = B4BCB729282EFC070046EB44 /* War and Peace.jpg */; };
		B4BCB73A282EFC070046EB44 /* The Possessed.jpg in Resources */ = {isa = PBXBuildFile; fileRef = B4BCB72A282EFC070046EB44 /* The Possessed.jpg */; };
		B4BCB73B282EFC070046EB44 /* Great Expectations.jpg in Resources */ = {isa = PBXBuildFile; fileRef = B4BCB72B282EFC070046EB44 /* Great Expectations.jpg */; };
		B4BCB73C282EFC070046EB44 /* Much Ado About Nothing.jpg in Resources */ = {isa = PBXBuildFile; fileRef = B4BCB72C282EFC070046EB44 /* Much Ado About Nothing.jpg */; };
		B4BCB73D282EFC070046EB44 /* The Odyssey.jpg in Resources */ = {isa = PBXBuildFile; fileRef = B4BCB72D282EFC070046EB44 /* The Odyssey.jpg */; };
		B4BCB73E282EFC070046EB44 /* The Time Machine.jpg in Resources */ = {isa = PBXBuildFile; fileRef = B4BCB72E282EFC070046EB44 /* The Time Machine.jpg */; };
		B4BCB73F282EFC070046EB44 /* Anna Karenina.jpg in Resources */ = {isa = PBXBuildFile; fileRef = B4BCB72F282EFC070046EB44 /* Anna Karenina.jpg */; };
		B4BCB740282EFC070046EB44 /* Romeo and Juliet.jpg in Resources */ = {isa = PBXBuildFile; fileRef = B4BCB730282EFC070046EB44 /* Romeo and Juliet.jpg */; };
		B4BCB741282EFC070046EB44 /* The Iliad.jpg in Resources */ = {isa = PBXBuildFile; fileRef = B4BCB731282EFC070046EB44 /* The Iliad.jpg */; };
		B4BCB742282EFC070046EB44 /* Treasure Island.jpg in Resources */ = {isa = PBXBuildFile; fileRef = B4BCB732282EFC070046EB44 /* Treasure Island.jpg */; };
		B4BCB743282EFC070046EB44 /* Pride and Prejudice.jpg in Resources */ = {isa = PBXBuildFile; fileRef = B4BCB733282EFC070046EB44 /* Pride and Prejudice.jpg */; };
		B4BCB744282EFC070046EB44 /* War of the Worlds.jpg in Resources */ = {isa = PBXBuildFile; fileRef = B4BCB734282EFC070046EB44 /* War of the Worlds.jpg */; };
		B4BCB745282EFC070046EB44 /* 1984.jpg in Resources */ = {isa = PBXBuildFile; fileRef = B4BCB735282EFC070046EB44 /* 1984.jpg */; };
		B4BCB746282EFC070046EB44 /* Emma.jpg in Resources */ = {isa = PBXBuildFile; fileRef = B4BCB736282EFC070046EB44 /* Emma.jpg */; };
		B4E5C04C2820612600F51C65 /* ReadingListApp.swift in Sources */ = {isa = PBXBuildFile; fileRef = B4E5C04B2820612600F51C65 /* ReadingListApp.swift */; };
		B4E5C04E2820612600F51C65 /* ReadingListView.swift in Sources */ = {isa = PBXBuildFile; fileRef = B4E5C04D2820612600F51C65 /* ReadingListView.swift */; };
		B4E5C0502820612700F51C65 /* Assets.xcassets in Resources */ = {isa = PBXBuildFile; fileRef = B4E5C04F2820612700F51C65 /* Assets.xcassets */; };
		B4E5C0532820612700F51C65 /* Preview Assets.xcassets in Resources */ = {isa = PBXBuildFile; fileRef = B4E5C0522820612700F51C65 /* Preview Assets.xcassets */; };
/* End PBXBuildFile section */

/* Begin PBXContainerItemProxy section */
		B4121ECB2820730B0028F176 /* PBXContainerItemProxy */ = {
			isa = PBXContainerItemProxy;
			containerPortal = B4E5C0402820612600F51C65 /* Project object */;
			proxyType = 1;
			remoteGlobalIDString = B4121EBF2820730B0028F176;
			remoteInfo = ReadingListModel;
		};
		B4121ECD2820730B0028F176 /* PBXContainerItemProxy */ = {
			isa = PBXContainerItemProxy;
			containerPortal = B4E5C0402820612600F51C65 /* Project object */;
			proxyType = 1;
			remoteGlobalIDString = B4E5C0472820612600F51C65;
			remoteInfo = ReadingList;
		};
		B4121ED32820730B0028F176 /* PBXContainerItemProxy */ = {
			isa = PBXContainerItemProxy;
			containerPortal = B4E5C0402820612600F51C65 /* Project object */;
			proxyType = 1;
			remoteGlobalIDString = B4121EBF2820730B0028F176;
			remoteInfo = ReadingListModel;
		};
/* End PBXContainerItemProxy section */

/* Begin PBXCopyFilesBuildPhase section */
		B4121ED72820730B0028F176 /* Embed Frameworks */ = {
			isa = PBXCopyFilesBuildPhase;
			buildActionMask = 2147483647;
			dstPath = "";
			dstSubfolderSpec = 10;
			files = (
				B4121ED62820730B0028F176 /* ReadingListModel.framework in Embed Frameworks */,
			);
			name = "Embed Frameworks";
			runOnlyForDeploymentPostprocessing = 0;
		};
/* End PBXCopyFilesBuildPhase section */

/* Begin PBXFileReference section */
		B4121EC02820730B0028F176 /* ReadingListModel.framework */ = {isa = PBXFileReference; explicitFileType = wrapper.framework; includeInIndex = 0; path = ReadingListModel.framework; sourceTree = BUILT_PRODUCTS_DIR; };
		B4121EC22820730B0028F176 /* ReadingListModel.h */ = {isa = PBXFileReference; lastKnownFileType = sourcecode.c.h; path = ReadingListModel.h; sourceTree = "<group>"; };
		B4121EC32820730B0028F176 /* ReadingListModel.docc */ = {isa = PBXFileReference; lastKnownFileType = folder.documentationcatalog; path = ReadingListModel.docc; sourceTree = "<group>"; };
		B4121EC92820730B0028F176 /* ReadingListModelTests.xctest */ = {isa = PBXFileReference; explicitFileType = wrapper.cfbundle; includeInIndex = 0; path = ReadingListModelTests.xctest; sourceTree = BUILT_PRODUCTS_DIR; };
		B4121ED02820730B0028F176 /* ReadingListModelTests.swift */ = {isa = PBXFileReference; lastKnownFileType = sourcecode.swift; path = ReadingListModelTests.swift; sourceTree = "<group>"; };
		B4121EDE282073460028F176 /* Book.swift */ = {isa = PBXFileReference; lastKnownFileType = sourcecode.swift; path = Book.swift; sourceTree = "<group>"; };
		B4121EE0282074E70028F176 /* Author.swift */ = {isa = PBXFileReference; lastKnownFileType = sourcecode.swift; path = Author.swift; sourceTree = "<group>"; };
		B4121EE2282AD5D30028F176 /* ReadingList.swift */ = {isa = PBXFileReference; lastKnownFileType = sourcecode.swift; path = ReadingList.swift; sourceTree = "<group>"; };
		B4121EE4282AEC6F0028F176 /* DataStore.swift */ = {isa = PBXFileReference; lastKnownFileType = sourcecode.swift; path = DataStore.swift; sourceTree = "<group>"; };
		B4BCB71C282E7E6B0046EB44 /* APIClient.swift */ = {isa = PBXFileReference; lastKnownFileType = sourcecode.swift; path = APIClient.swift; sourceTree = "<group>"; };
		B4BCB71E282E9C390046EB44 /* ReadingListViewModel.swift */ = {isa = PBXFileReference; lastKnownFileType = sourcecode.swift; path = ReadingListViewModel.swift; sourceTree = "<group>"; };
		B4BCB720282EA9B60046EB44 /* ReadingList.json */ = {isa = PBXFileReference; fileEncoding = 4; lastKnownFileType = text.json; path = ReadingList.json; sourceTree = "<group>"; };
		B4BCB722282EEC3E0046EB44 /* BookCell.swift */ = {isa = PBXFileReference; lastKnownFileType = sourcecode.swift; path = BookCell.swift; sourceTree = "<group>"; };
		B4BCB724282EEDF90046EB44 /* TestData.swift */ = {isa = PBXFileReference; lastKnownFileType = sourcecode.swift; path = TestData.swift; sourceTree = "<group>"; };
		B4BCB727282EFC070046EB44 /* Julius Caesar.jpg */ = {isa = PBXFileReference; lastKnownFileType = image.jpeg; path = "Julius Caesar.jpg"; sourceTree = "<group>"; };
		B4BCB728282EFC070046EB44 /* The Brothers Karamozov.jpg */ = {isa = PBXFileReference; lastKnownFileType = image.jpeg; path = "The Brothers Karamozov.jpg"; sourceTree = "<group>"; };
		B4BCB729282EFC070046EB44 /* War and Peace.jpg */ = {isa = PBXFileReference; lastKnownFileType = image.jpeg; path = "War and Peace.jpg"; sourceTree = "<group>"; };
		B4BCB72A282EFC070046EB44 /* The Possessed.jpg */ = {isa = PBXFileReference; lastKnownFileType = image.jpeg; path = "The Possessed.jpg"; sourceTree = "<group>"; };
		B4BCB72B282EFC070046EB44 /* Great Expectations.jpg */ = {isa = PBXFileReference; lastKnownFileType = image.jpeg; path = "Great Expectations.jpg"; sourceTree = "<group>"; };
		B4BCB72C282EFC070046EB44 /* Much Ado About Nothing.jpg */ = {isa = PBXFileReference; lastKnownFileType = image.jpeg; path = "Much Ado About Nothing.jpg"; sourceTree = "<group>"; };
		B4BCB72D282EFC070046EB44 /* The Odyssey.jpg */ = {isa = PBXFileReference; lastKnownFileType = image.jpeg; path = "The Odyssey.jpg"; sourceTree = "<group>"; };
		B4BCB72E282EFC070046EB44 /* The Time Machine.jpg */ = {isa = PBXFileReference; lastKnownFileType = image.jpeg; path = "The Time Machine.jpg"; sourceTree = "<group>"; };
		B4BCB72F282EFC070046EB44 /* Anna Karenina.jpg */ = {isa = PBXFileReference; lastKnownFileType = image.jpeg; path = "Anna Karenina.jpg"; sourceTree = "<group>"; };
		B4BCB730282EFC070046EB44 /* Romeo and Juliet.jpg */ = {isa = PBXFileReference; lastKnownFileType = image.jpeg; path = "Romeo and Juliet.jpg"; sourceTree = "<group>"; };
		B4BCB731282EFC070046EB44 /* The Iliad.jpg */ = {isa = PBXFileReference; lastKnownFileType = image.jpeg; path = "The Iliad.jpg"; sourceTree = "<group>"; };
		B4BCB732282EFC070046EB44 /* Treasure Island.jpg */ = {isa = PBXFileReference; lastKnownFileType = image.jpeg; path = "Treasure Island.jpg"; sourceTree = "<group>"; };
		B4BCB733282EFC070046EB44 /* Pride and Prejudice.jpg */ = {isa = PBXFileReference; lastKnownFileType = image.jpeg; path = "Pride and Prejudice.jpg"; sourceTree = "<group>"; };
		B4BCB734282EFC070046EB44 /* War of the Worlds.jpg */ = {isa = PBXFileReference; lastKnownFileType = image.jpeg; path = "War of the Worlds.jpg"; sourceTree = "<group>"; };
		B4BCB735282EFC070046EB44 /* 1984.jpg */ = {isa = PBXFileReference; lastKnownFileType = image.jpeg; path = 1984.jpg; sourceTree = "<group>"; };
		B4BCB736282EFC070046EB44 /* Emma.jpg */ = {isa = PBXFileReference; lastKnownFileType = image.jpeg; path = Emma.jpg; sourceTree = "<group>"; };
		B4E5C0482820612600F51C65 /* ReadingList.app */ = {isa = PBXFileReference; explicitFileType = wrapper.application; includeInIndex = 0; path = ReadingList.app; sourceTree = BUILT_PRODUCTS_DIR; };
		B4E5C04B2820612600F51C65 /* ReadingListApp.swift */ = {isa = PBXFileReference; lastKnownFileType = sourcecode.swift; path = ReadingListApp.swift; sourceTree = "<group>"; };
		B4E5C04D2820612600F51C65 /* ReadingListView.swift */ = {isa = PBXFileReference; lastKnownFileType = sourcecode.swift; path = ReadingListView.swift; sourceTree = "<group>"; };
		B4E5C04F2820612700F51C65 /* Assets.xcassets */ = {isa = PBXFileReference; lastKnownFileType = folder.assetcatalog; path = Assets.xcassets; sourceTree = "<group>"; };
		B4E5C0522820612700F51C65 /* Preview Assets.xcassets */ = {isa = PBXFileReference; lastKnownFileType = folder.assetcatalog; path = "Preview Assets.xcassets"; sourceTree = "<group>"; };
/* End PBXFileReference section */

/* Begin PBXFrameworksBuildPhase section */
		B4121EBD2820730B0028F176 /* Frameworks */ = {
			isa = PBXFrameworksBuildPhase;
			buildActionMask = 2147483647;
			files = (
			);
			runOnlyForDeploymentPostprocessing = 0;
		};
		B4121EC62820730B0028F176 /* Frameworks */ = {
			isa = PBXFrameworksBuildPhase;
			buildActionMask = 2147483647;
			files = (
				B4121ECA2820730B0028F176 /* ReadingListModel.framework in Frameworks */,
			);
			runOnlyForDeploymentPostprocessing = 0;
		};
		B4E5C0452820612600F51C65 /* Frameworks */ = {
			isa = PBXFrameworksBuildPhase;
			buildActionMask = 2147483647;
			files = (
				B4121ED52820730B0028F176 /* ReadingListModel.framework in Frameworks */,
			);
			runOnlyForDeploymentPostprocessing = 0;
		};
/* End PBXFrameworksBuildPhase section */

/* Begin PBXGroup section */
		B4121EC12820730B0028F176 /* ReadingListModel */ = {
			isa = PBXGroup;
			children = (
				B4121EC22820730B0028F176 /* ReadingListModel.h */,
				B4121EC32820730B0028F176 /* ReadingListModel.docc */,
				B4121EDE282073460028F176 /* Book.swift */,
				B4121EE0282074E70028F176 /* Author.swift */,
				B4121EE2282AD5D30028F176 /* ReadingList.swift */,
				B4121EE4282AEC6F0028F176 /* DataStore.swift */,
				B4BCB71C282E7E6B0046EB44 /* APIClient.swift */,
			);
			path = ReadingListModel;
			sourceTree = "<group>";
		};
		B4121ECF2820730B0028F176 /* ReadingListModelTests */ = {
			isa = PBXGroup;
			children = (
				B4121ED02820730B0028F176 /* ReadingListModelTests.swift */,
			);
			path = ReadingListModelTests;
			sourceTree = "<group>";
		};
		B4BCB726282EFC070046EB44 /* Cover Images */ = {
			isa = PBXGroup;
			children = (
				B4BCB727282EFC070046EB44 /* Julius Caesar.jpg */,
				B4BCB728282EFC070046EB44 /* The Brothers Karamozov.jpg */,
				B4BCB729282EFC070046EB44 /* War and Peace.jpg */,
				B4BCB72A282EFC070046EB44 /* The Possessed.jpg */,
				B4BCB72B282EFC070046EB44 /* Great Expectations.jpg */,
				B4BCB72C282EFC070046EB44 /* Much Ado About Nothing.jpg */,
				B4BCB72D282EFC070046EB44 /* The Odyssey.jpg */,
				B4BCB72E282EFC070046EB44 /* The Time Machine.jpg */,
				B4BCB72F282EFC070046EB44 /* Anna Karenina.jpg */,
				B4BCB730282EFC070046EB44 /* Romeo and Juliet.jpg */,
				B4BCB731282EFC070046EB44 /* The Iliad.jpg */,
				B4BCB732282EFC070046EB44 /* Treasure Island.jpg */,
				B4BCB733282EFC070046EB44 /* Pride and Prejudice.jpg */,
				B4BCB734282EFC070046EB44 /* War of the Worlds.jpg */,
				B4BCB735282EFC070046EB44 /* 1984.jpg */,
				B4BCB736282EFC070046EB44 /* Emma.jpg */,
			);
			path = "Cover Images";
			sourceTree = "<group>";
		};
		B4E5C03F2820612600F51C65 = {
			isa = PBXGroup;
			children = (
				B4BCB726282EFC070046EB44 /* Cover Images */,
				B4E5C04A2820612600F51C65 /* ReadingList */,
				B4121EC12820730B0028F176 /* ReadingListModel */,
				B4121ECF2820730B0028F176 /* ReadingListModelTests */,
				B4E5C0492820612600F51C65 /* Products */,
			);
			sourceTree = "<group>";
		};
		B4E5C0492820612600F51C65 /* Products */ = {
			isa = PBXGroup;
			children = (
				B4E5C0482820612600F51C65 /* ReadingList.app */,
				B4121EC02820730B0028F176 /* ReadingListModel.framework */,
				B4121EC92820730B0028F176 /* ReadingListModelTests.xctest */,
			);
			name = Products;
			sourceTree = "<group>";
		};
		B4E5C04A2820612600F51C65 /* ReadingList */ = {
			isa = PBXGroup;
			children = (
				B4BCB720282EA9B60046EB44 /* ReadingList.json */,
				B4E5C04B2820612600F51C65 /* ReadingListApp.swift */,
				B4BCB71E282E9C390046EB44 /* ReadingListViewModel.swift */,
				B4E5C04D2820612600F51C65 /* ReadingListView.swift */,
				B4BCB722282EEC3E0046EB44 /* BookCell.swift */,
				B4BCB724282EEDF90046EB44 /* TestData.swift */,
				B4E5C04F2820612700F51C65 /* Assets.xcassets */,
				B4E5C0512820612700F51C65 /* Preview Content */,
			);
			path = ReadingList;
			sourceTree = "<group>";
		};
		B4E5C0512820612700F51C65 /* Preview Content */ = {
			isa = PBXGroup;
			children = (
				B4E5C0522820612700F51C65 /* Preview Assets.xcassets */,
			);
			path = "Preview Content";
			sourceTree = "<group>";
		};
/* End PBXGroup section */

/* Begin PBXHeadersBuildPhase section */
		B4121EBB2820730B0028F176 /* Headers */ = {
			isa = PBXHeadersBuildPhase;
			buildActionMask = 2147483647;
			files = (
				B4121ED22820730B0028F176 /* ReadingListModel.h in Headers */,
			);
			runOnlyForDeploymentPostprocessing = 0;
		};
/* End PBXHeadersBuildPhase section */

/* Begin PBXNativeTarget section */
		B4121EBF2820730B0028F176 /* ReadingListModel */ = {
			isa = PBXNativeTarget;
			buildConfigurationList = B4121EDC2820730B0028F176 /* Build configuration list for PBXNativeTarget "ReadingListModel" */;
			buildPhases = (
				B4121EBB2820730B0028F176 /* Headers */,
				B4121EBC2820730B0028F176 /* Sources */,
				B4121EBD2820730B0028F176 /* Frameworks */,
				B4121EBE2820730B0028F176 /* Resources */,
			);
			buildRules = (
			);
			dependencies = (
			);
			name = ReadingListModel;
			productName = ReadingListModel;
			productReference = B4121EC02820730B0028F176 /* ReadingListModel.framework */;
			productType = "com.apple.product-type.framework";
		};
		B4121EC82820730B0028F176 /* ReadingListModelTests */ = {
			isa = PBXNativeTarget;
			buildConfigurationList = B4121EDD2820730B0028F176 /* Build configuration list for PBXNativeTarget "ReadingListModelTests" */;
			buildPhases = (
				B4121EC52820730B0028F176 /* Sources */,
				B4121EC62820730B0028F176 /* Frameworks */,
				B4121EC72820730B0028F176 /* Resources */,
			);
			buildRules = (
			);
			dependencies = (
				B4121ECC2820730B0028F176 /* PBXTargetDependency */,
				B4121ECE2820730B0028F176 /* PBXTargetDependency */,
			);
			name = ReadingListModelTests;
			productName = ReadingListModelTests;
			productReference = B4121EC92820730B0028F176 /* ReadingListModelTests.xctest */;
			productType = "com.apple.product-type.bundle.unit-test";
		};
		B4E5C0472820612600F51C65 /* ReadingList */ = {
			isa = PBXNativeTarget;
			buildConfigurationList = B4E5C0562820612700F51C65 /* Build configuration list for PBXNativeTarget "ReadingList" */;
			buildPhases = (
				B4E5C0442820612600F51C65 /* Sources */,
				B4E5C0452820612600F51C65 /* Frameworks */,
				B4E5C0462820612600F51C65 /* Resources */,
				B4121ED72820730B0028F176 /* Embed Frameworks */,
			);
			buildRules = (
			);
			dependencies = (
				B4121ED42820730B0028F176 /* PBXTargetDependency */,
			);
			name = ReadingList;
			productName = "ReadingList-1";
			productReference = B4E5C0482820612600F51C65 /* ReadingList.app */;
			productType = "com.apple.product-type.application";
		};
/* End PBXNativeTarget section */

/* Begin PBXProject section */
		B4E5C0402820612600F51C65 /* Project object */ = {
			isa = PBXProject;
			attributes = {
				BuildIndependentTargetsInParallel = 1;
				LastSwiftUpdateCheck = 1330;
				LastUpgradeCheck = 1330;
				TargetAttributes = {
					B4121EBF2820730B0028F176 = {
						CreatedOnToolsVersion = 13.3.1;
					};
					B4121EC82820730B0028F176 = {
						CreatedOnToolsVersion = 13.3.1;
						TestTargetID = B4E5C0472820612600F51C65;
					};
					B4E5C0472820612600F51C65 = {
						CreatedOnToolsVersion = 13.3.1;
					};
				};
			};
			buildConfigurationList = B4E5C0432820612600F51C65 /* Build configuration list for PBXProject "ReadingList-1" */;
			compatibilityVersion = "Xcode 13.0";
			developmentRegion = en;
			hasScannedForEncodings = 0;
			knownRegions = (
				en,
				Base,
			);
			mainGroup = B4E5C03F2820612600F51C65;
			productRefGroup = B4E5C0492820612600F51C65 /* Products */;
			projectDirPath = "";
			projectRoot = "";
			targets = (
				B4E5C0472820612600F51C65 /* ReadingList */,
				B4121EBF2820730B0028F176 /* ReadingListModel */,
				B4121EC82820730B0028F176 /* ReadingListModelTests */,
			);
		};
/* End PBXProject section */

/* Begin PBXResourcesBuildPhase section */
		B4121EBE2820730B0028F176 /* Resources */ = {
			isa = PBXResourcesBuildPhase;
			buildActionMask = 2147483647;
			files = (
			);
			runOnlyForDeploymentPostprocessing = 0;
		};
		B4121EC72820730B0028F176 /* Resources */ = {
			isa = PBXResourcesBuildPhase;
			buildActionMask = 2147483647;
			files = (
			);
			runOnlyForDeploymentPostprocessing = 0;
		};
		B4E5C0462820612600F51C65 /* Resources */ = {
			isa = PBXResourcesBuildPhase;
			buildActionMask = 2147483647;
			files = (
				B4BCB73E282EFC070046EB44 /* The Time Machine.jpg in Resources */,
				B4BCB740282EFC070046EB44 /* Romeo and Juliet.jpg in Resources */,
				B4BCB73A282EFC070046EB44 /* The Possessed.jpg in Resources */,
				B4E5C0532820612700F51C65 /* Preview Assets.xcassets in Resources */,
				B4BCB73F282EFC070046EB44 /* Anna Karenina.jpg in Resources */,
				B4BCB746282EFC070046EB44 /* Emma.jpg in Resources */,
				B4BCB739282EFC070046EB44 /* War and Peace.jpg in Resources */,
				B4BCB721282EA9B60046EB44 /* ReadingList.json in Resources */,
				B4BCB73C282EFC070046EB44 /* Much Ado About Nothing.jpg in Resources */,
				B4BCB744282EFC070046EB44 /* War of the Worlds.jpg in Resources */,
				B4BCB743282EFC070046EB44 /* Pride and Prejudice.jpg in Resources */,
				B4E5C0502820612700F51C65 /* Assets.xcassets in Resources */,
				B4BCB745282EFC070046EB44 /* 1984.jpg in Resources */,
				B4BCB738282EFC070046EB44 /* The Brothers Karamozov.jpg in Resources */,
				B4BCB737282EFC070046EB44 /* Julius Caesar.jpg in Resources */,
				B4BCB742282EFC070046EB44 /* Treasure Island.jpg in Resources */,
				B4BCB73B282EFC070046EB44 /* Great Expectations.jpg in Resources */,
				B4BCB741282EFC070046EB44 /* The Iliad.jpg in Resources */,
				B4BCB73D282EFC070046EB44 /* The Odyssey.jpg in Resources */,
			);
			runOnlyForDeploymentPostprocessing = 0;
		};
/* End PBXResourcesBuildPhase section */

/* Begin PBXSourcesBuildPhase section */
		B4121EBC2820730B0028F176 /* Sources */ = {
			isa = PBXSourcesBuildPhase;
			buildActionMask = 2147483647;
			files = (
				B4121EE1282074E70028F176 /* Author.swift in Sources */,
				B4121EDF282073460028F176 /* Book.swift in Sources */,
				B4121EE3282AD5D30028F176 /* ReadingList.swift in Sources */,
				B4121EE5282AEC6F0028F176 /* DataStore.swift in Sources */,
				B4121EC42820730B0028F176 /* ReadingListModel.docc in Sources */,
				B4BCB71D282E7E6B0046EB44 /* APIClient.swift in Sources */,
			);
			runOnlyForDeploymentPostprocessing = 0;
		};
		B4121EC52820730B0028F176 /* Sources */ = {
			isa = PBXSourcesBuildPhase;
			buildActionMask = 2147483647;
			files = (
				B4121ED12820730B0028F176 /* ReadingListModelTests.swift in Sources */,
			);
			runOnlyForDeploymentPostprocessing = 0;
		};
		B4E5C0442820612600F51C65 /* Sources */ = {
			isa = PBXSourcesBuildPhase;
			buildActionMask = 2147483647;
			files = (
				B4BCB723282EEC3E0046EB44 /* BookCell.swift in Sources */,
				B4E5C04E2820612600F51C65 /* ReadingListView.swift in Sources */,
				B4BCB71F282E9C390046EB44 /* ReadingListViewModel.swift in Sources */,
				B4BCB725282EEDF90046EB44 /* TestData.swift in Sources */,
				B4E5C04C2820612600F51C65 /* ReadingListApp.swift in Sources */,
			);
			runOnlyForDeploymentPostprocessing = 0;
		};
/* End PBXSourcesBuildPhase section */

/* Begin PBXTargetDependency section */
		B4121ECC2820730B0028F176 /* PBXTargetDependency */ = {
			isa = PBXTargetDependency;
			target = B4121EBF2820730B0028F176 /* ReadingListModel */;
			targetProxy = B4121ECB2820730B0028F176 /* PBXContainerItemProxy */;
		};
		B4121ECE2820730B0028F176 /* PBXTargetDependency */ = {
			isa = PBXTargetDependency;
			target = B4E5C0472820612600F51C65 /* ReadingList */;
			targetProxy = B4121ECD2820730B0028F176 /* PBXContainerItemProxy */;
		};
		B4121ED42820730B0028F176 /* PBXTargetDependency */ = {
			isa = PBXTargetDependency;
			target = B4121EBF2820730B0028F176 /* ReadingListModel */;
			targetProxy = B4121ED32820730B0028F176 /* PBXContainerItemProxy */;
		};
/* End PBXTargetDependency section */

/* Begin XCBuildConfiguration section */
		B4121ED82820730B0028F176 /* Debug */ = {
			isa = XCBuildConfiguration;
			buildSettings = {
				CODE_SIGN_STYLE = Automatic;
				CURRENT_PROJECT_VERSION = 1;
				DEFINES_MODULE = YES;
				DEVELOPMENT_TEAM = 7J7LD9SB6Q;
				DYLIB_COMPATIBILITY_VERSION = 1;
				DYLIB_CURRENT_VERSION = 1;
				DYLIB_INSTALL_NAME_BASE = "@rpath";
				GENERATE_INFOPLIST_FILE = YES;
				INFOPLIST_KEY_NSHumanReadableCopyright = "";
				INSTALL_PATH = "$(LOCAL_LIBRARY_DIR)/Frameworks";
				LD_RUNPATH_SEARCH_PATHS = (
					"$(inherited)",
					"@executable_path/Frameworks",
					"@loader_path/Frameworks",
				);
				MARKETING_VERSION = 1.0;
				PRODUCT_BUNDLE_IDENTIFIER = com.aboutobjects.training.ReadingListModel;
				PRODUCT_NAME = "$(TARGET_NAME:c99extidentifier)";
				SKIP_INSTALL = YES;
				SWIFT_EMIT_LOC_STRINGS = YES;
				SWIFT_VERSION = 5.0;
				TARGETED_DEVICE_FAMILY = "1,2";
				VERSIONING_SYSTEM = "apple-generic";
				VERSION_INFO_PREFIX = "";
			};
			name = Debug;
		};
		B4121ED92820730B0028F176 /* Release */ = {
			isa = XCBuildConfiguration;
			buildSettings = {
				CODE_SIGN_STYLE = Automatic;
				CURRENT_PROJECT_VERSION = 1;
				DEFINES_MODULE = YES;
				DEVELOPMENT_TEAM = 7J7LD9SB6Q;
				DYLIB_COMPATIBILITY_VERSION = 1;
				DYLIB_CURRENT_VERSION = 1;
				DYLIB_INSTALL_NAME_BASE = "@rpath";
				GENERATE_INFOPLIST_FILE = YES;
				INFOPLIST_KEY_NSHumanReadableCopyright = "";
				INSTALL_PATH = "$(LOCAL_LIBRARY_DIR)/Frameworks";
				LD_RUNPATH_SEARCH_PATHS = (
					"$(inherited)",
					"@executable_path/Frameworks",
					"@loader_path/Frameworks",
				);
				MARKETING_VERSION = 1.0;
				PRODUCT_BUNDLE_IDENTIFIER = com.aboutobjects.training.ReadingListModel;
				PRODUCT_NAME = "$(TARGET_NAME:c99extidentifier)";
				SKIP_INSTALL = YES;
				SWIFT_EMIT_LOC_STRINGS = YES;
				SWIFT_VERSION = 5.0;
				TARGETED_DEVICE_FAMILY = "1,2";
				VERSIONING_SYSTEM = "apple-generic";
				VERSION_INFO_PREFIX = "";
			};
			name = Release;
		};
		B4121EDA2820730B0028F176 /* Debug */ = {
			isa = XCBuildConfiguration;
			buildSettings = {
				ALWAYS_EMBED_SWIFT_STANDARD_LIBRARIES = YES;
				CODE_SIGN_STYLE = Automatic;
				CURRENT_PROJECT_VERSION = 1;
				DEVELOPMENT_TEAM = 7J7LD9SB6Q;
				GENERATE_INFOPLIST_FILE = YES;
				MARKETING_VERSION = 1.0;
				PRODUCT_BUNDLE_IDENTIFIER = com.aboutobjects.training.ReadingListModelTests;
				PRODUCT_NAME = "$(TARGET_NAME)";
				SWIFT_EMIT_LOC_STRINGS = NO;
				SWIFT_VERSION = 5.0;
				TARGETED_DEVICE_FAMILY = "1,2";
				TEST_HOST = "$(BUILT_PRODUCTS_DIR)/ReadingList.app/ReadingList";
			};
			name = Debug;
		};
		B4121EDB2820730B0028F176 /* Release */ = {
			isa = XCBuildConfiguration;
			buildSettings = {
				ALWAYS_EMBED_SWIFT_STANDARD_LIBRARIES = YES;
				CODE_SIGN_STYLE = Automatic;
				CURRENT_PROJECT_VERSION = 1;
				DEVELOPMENT_TEAM = 7J7LD9SB6Q;
				GENERATE_INFOPLIST_FILE = YES;
				MARKETING_VERSION = 1.0;
				PRODUCT_BUNDLE_IDENTIFIER = com.aboutobjects.training.ReadingListModelTests;
				PRODUCT_NAME = "$(TARGET_NAME)";
				SWIFT_EMIT_LOC_STRINGS = NO;
				SWIFT_VERSION = 5.0;
				TARGETED_DEVICE_FAMILY = "1,2";
				TEST_HOST = "$(BUILT_PRODUCTS_DIR)/ReadingList.app/ReadingList";
			};
			name = Release;
		};
		B4E5C0542820612700F51C65 /* Debug */ = {
			isa = XCBuildConfiguration;
			buildSettings = {
				ALWAYS_SEARCH_USER_PATHS = NO;
				CLANG_ANALYZER_NONNULL = YES;
				CLANG_ANALYZER_NUMBER_OBJECT_CONVERSION = YES_AGGRESSIVE;
				CLANG_CXX_LANGUAGE_STANDARD = "gnu++17";
				CLANG_ENABLE_MODULES = YES;
				CLANG_ENABLE_OBJC_ARC = YES;
				CLANG_ENABLE_OBJC_WEAK = YES;
				CLANG_WARN_BLOCK_CAPTURE_AUTORELEASING = YES;
				CLANG_WARN_BOOL_CONVERSION = YES;
				CLANG_WARN_COMMA = YES;
				CLANG_WARN_CONSTANT_CONVERSION = YES;
				CLANG_WARN_DEPRECATED_OBJC_IMPLEMENTATIONS = YES;
				CLANG_WARN_DIRECT_OBJC_ISA_USAGE = YES_ERROR;
				CLANG_WARN_DOCUMENTATION_COMMENTS = YES;
				CLANG_WARN_EMPTY_BODY = YES;
				CLANG_WARN_ENUM_CONVERSION = YES;
				CLANG_WARN_INFINITE_RECURSION = YES;
				CLANG_WARN_INT_CONVERSION = YES;
				CLANG_WARN_NON_LITERAL_NULL_CONVERSION = YES;
				CLANG_WARN_OBJC_IMPLICIT_RETAIN_SELF = YES;
				CLANG_WARN_OBJC_LITERAL_CONVERSION = YES;
				CLANG_WARN_OBJC_ROOT_CLASS = YES_ERROR;
				CLANG_WARN_QUOTED_INCLUDE_IN_FRAMEWORK_HEADER = YES;
				CLANG_WARN_RANGE_LOOP_ANALYSIS = YES;
				CLANG_WARN_STRICT_PROTOTYPES = YES;
				CLANG_WARN_SUSPICIOUS_MOVE = YES;
				CLANG_WARN_UNGUARDED_AVAILABILITY = YES_AGGRESSIVE;
				CLANG_WARN_UNREACHABLE_CODE = YES;
				CLANG_WARN__DUPLICATE_METHOD_MATCH = YES;
				COPY_PHASE_STRIP = NO;
				DEBUG_INFORMATION_FORMAT = dwarf;
				ENABLE_STRICT_OBJC_MSGSEND = YES;
				ENABLE_TESTABILITY = YES;
				GCC_C_LANGUAGE_STANDARD = gnu11;
				GCC_DYNAMIC_NO_PIC = NO;
				GCC_NO_COMMON_BLOCKS = YES;
				GCC_OPTIMIZATION_LEVEL = 0;
				GCC_PREPROCESSOR_DEFINITIONS = (
					"DEBUG=1",
					"$(inherited)",
				);
				GCC_WARN_64_TO_32_BIT_CONVERSION = YES;
				GCC_WARN_ABOUT_RETURN_TYPE = YES_ERROR;
				GCC_WARN_UNDECLARED_SELECTOR = YES;
				GCC_WARN_UNINITIALIZED_AUTOS = YES_AGGRESSIVE;
				GCC_WARN_UNUSED_FUNCTION = YES;
				GCC_WARN_UNUSED_VARIABLE = YES;
				IPHONEOS_DEPLOYMENT_TARGET = 15.4;
				MTL_ENABLE_DEBUG_INFO = INCLUDE_SOURCE;
				MTL_FAST_MATH = YES;
				ONLY_ACTIVE_ARCH = YES;
				SDKROOT = iphoneos;
				SWIFT_ACTIVE_COMPILATION_CONDITIONS = DEBUG;
				SWIFT_OPTIMIZATION_LEVEL = "-Onone";
			};
			name = Debug;
		};
		B4E5C0552820612700F51C65 /* Release */ = {
			isa = XCBuildConfiguration;
			buildSettings = {
				ALWAYS_SEARCH_USER_PATHS = NO;
				CLANG_ANALYZER_NONNULL = YES;
				CLANG_ANALYZER_NUMBER_OBJECT_CONVERSION = YES_AGGRESSIVE;
				CLANG_CXX_LANGUAGE_STANDARD = "gnu++17";
				CLANG_ENABLE_MODULES = YES;
				CLANG_ENABLE_OBJC_ARC = YES;
				CLANG_ENABLE_OBJC_WEAK = YES;
				CLANG_WARN_BLOCK_CAPTURE_AUTORELEASING = YES;
				CLANG_WARN_BOOL_CONVERSION = YES;
				CLANG_WARN_COMMA = YES;
				CLANG_WARN_CONSTANT_CONVERSION = YES;
				CLANG_WARN_DEPRECATED_OBJC_IMPLEMENTATIONS = YES;
				CLANG_WARN_DIRECT_OBJC_ISA_USAGE = YES_ERROR;
				CLANG_WARN_DOCUMENTATION_COMMENTS = YES;
				CLANG_WARN_EMPTY_BODY = YES;
				CLANG_WARN_ENUM_CONVERSION = YES;
				CLANG_WARN_INFINITE_RECURSION = YES;
				CLANG_WARN_INT_CONVERSION = YES;
				CLANG_WARN_NON_LITERAL_NULL_CONVERSION = YES;
				CLANG_WARN_OBJC_IMPLICIT_RETAIN_SELF = YES;
				CLANG_WARN_OBJC_LITERAL_CONVERSION = YES;
				CLANG_WARN_OBJC_ROOT_CLASS = YES_ERROR;
				CLANG_WARN_QUOTED_INCLUDE_IN_FRAMEWORK_HEADER = YES;
				CLANG_WARN_RANGE_LOOP_ANALYSIS = YES;
				CLANG_WARN_STRICT_PROTOTYPES = YES;
				CLANG_WARN_SUSPICIOUS_MOVE = YES;
				CLANG_WARN_UNGUARDED_AVAILABILITY = YES_AGGRESSIVE;
				CLANG_WARN_UNREACHABLE_CODE = YES;
				CLANG_WARN__DUPLICATE_METHOD_MATCH = YES;
				COPY_PHASE_STRIP = NO;
				DEBUG_INFORMATION_FORMAT = "dwarf-with-dsym";
				ENABLE_NS_ASSERTIONS = NO;
				ENABLE_STRICT_OBJC_MSGSEND = YES;
				GCC_C_LANGUAGE_STANDARD = gnu11;
				GCC_NO_COMMON_BLOCKS = YES;
				GCC_WARN_64_TO_32_BIT_CONVERSION = YES;
				GCC_WARN_ABOUT_RETURN_TYPE = YES_ERROR;
				GCC_WARN_UNDECLARED_SELECTOR = YES;
				GCC_WARN_UNINITIALIZED_AUTOS = YES_AGGRESSIVE;
				GCC_WARN_UNUSED_FUNCTION = YES;
				GCC_WARN_UNUSED_VARIABLE = YES;
				IPHONEOS_DEPLOYMENT_TARGET = 15.4;
				MTL_ENABLE_DEBUG_INFO = NO;
				MTL_FAST_MATH = YES;
				SDKROOT = iphoneos;
				SWIFT_COMPILATION_MODE = wholemodule;
				SWIFT_OPTIMIZATION_LEVEL = "-O";
				VALIDATE_PRODUCT = YES;
			};
			name = Release;
		};
		B4E5C0572820612700F51C65 /* Debug */ = {
			isa = XCBuildConfiguration;
			buildSettings = {
				ALWAYS_EMBED_SWIFT_STANDARD_LIBRARIES = YES;
				ASSETCATALOG_COMPILER_APPICON_NAME = AppIcon;
				ASSETCATALOG_COMPILER_GLOBAL_ACCENT_COLOR_NAME = AccentColor;
				CODE_SIGN_STYLE = Automatic;
				CURRENT_PROJECT_VERSION = 1;
				DEVELOPMENT_ASSET_PATHS = "\"ReadingList/Preview Content\"";
				DEVELOPMENT_TEAM = 7J7LD9SB6Q;
				ENABLE_PREVIEWS = YES;
				GENERATE_INFOPLIST_FILE = YES;
				INFOPLIST_KEY_UIApplicationSceneManifest_Generation = YES;
				INFOPLIST_KEY_UIApplicationSupportsIndirectInputEvents = YES;
				INFOPLIST_KEY_UILaunchScreen_Generation = YES;
				INFOPLIST_KEY_UISupportedInterfaceOrientations_iPad = "UIInterfaceOrientationPortrait UIInterfaceOrientationPortraitUpsideDown UIInterfaceOrientationLandscapeLeft UIInterfaceOrientationLandscapeRight";
				INFOPLIST_KEY_UISupportedInterfaceOrientations_iPhone = "UIInterfaceOrientationPortrait UIInterfaceOrientationLandscapeLeft UIInterfaceOrientationLandscapeRight";
				LD_RUNPATH_SEARCH_PATHS = (
					"$(inherited)",
					"@executable_path/Frameworks",
				);
				MARKETING_VERSION = 1.0;
				PRODUCT_BUNDLE_IDENTIFIER = "com.aboutobjects.training.ReadingList-1";
				PRODUCT_NAME = "$(TARGET_NAME)";
				SWIFT_EMIT_LOC_STRINGS = YES;
				SWIFT_VERSION = 5.0;
				TARGETED_DEVICE_FAMILY = "1,2";
			};
			name = Debug;
		};
		B4E5C0582820612700F51C65 /* Release */ = {
			isa = XCBuildConfiguration;
			buildSettings = {
				ALWAYS_EMBED_SWIFT_STANDARD_LIBRARIES = YES;
				ASSETCATALOG_COMPILER_APPICON_NAME = AppIcon;
				ASSETCATALOG_COMPILER_GLOBAL_ACCENT_COLOR_NAME = AccentColor;
				CODE_SIGN_STYLE = Automatic;
				CURRENT_PROJECT_VERSION = 1;
				DEVELOPMENT_ASSET_PATHS = "\"ReadingList/Preview Content\"";
				DEVELOPMENT_TEAM = 7J7LD9SB6Q;
				ENABLE_PREVIEWS = YES;
				GENERATE_INFOPLIST_FILE = YES;
				INFOPLIST_KEY_UIApplicationSceneManifest_Generation = YES;
				INFOPLIST_KEY_UIApplicationSupportsIndirectInputEvents = YES;
				INFOPLIST_KEY_UILaunchScreen_Generation = YES;
				INFOPLIST_KEY_UISupportedInterfaceOrientations_iPad = "UIInterfaceOrientationPortrait UIInterfaceOrientationPortraitUpsideDown UIInterfaceOrientationLandscapeLeft UIInterfaceOrientationLandscapeRight";
				INFOPLIST_KEY_UISupportedInterfaceOrientations_iPhone = "UIInterfaceOrientationPortrait UIInterfaceOrientationLandscapeLeft UIInterfaceOrientationLandscapeRight";
				LD_RUNPATH_SEARCH_PATHS = (
					"$(inherited)",
					"@executable_path/Frameworks",
				);
				MARKETING_VERSION = 1.0;
				PRODUCT_BUNDLE_IDENTIFIER = "com.aboutobjects.training.ReadingList-1";
				PRODUCT_NAME = "$(TARGET_NAME)";
				SWIFT_EMIT_LOC_STRINGS = YES;
				SWIFT_VERSION = 5.0;
				TARGETED_DEVICE_FAMILY = "1,2";
			};
			name = Release;
		};
/* End XCBuildConfiguration section */

/* Begin XCConfigurationList section */
		B4121EDC2820730B0028F176 /* Build configuration list for PBXNativeTarget "ReadingListModel" */ = {
			isa = XCConfigurationList;
			buildConfigurations = (
				B4121ED82820730B0028F176 /* Debug */,
				B4121ED92820730B0028F176 /* Release */,
			);
			defaultConfigurationIsVisible = 0;
			defaultConfigurationName = Release;
		};
		B4121EDD2820730B0028F176 /* Build configuration list for PBXNativeTarget "ReadingListModelTests" */ = {
			isa = XCConfigurationList;
			buildConfigurations = (
				B4121EDA2820730B0028F176 /* Debug */,
				B4121EDB2820730B0028F176 /* Release */,
			);
			defaultConfigurationIsVisible = 0;
			defaultConfigurationName = Release;
		};
		B4E5C0432820612600F51C65 /* Build configuration list for PBXProject "ReadingList-1" */ = {
			isa = XCConfigurationList;
			buildConfigurations = (
				B4E5C0542820612700F51C65 /* Debug */,
				B4E5C0552820612700F51C65 /* Release */,
			);
			defaultConfigurationIsVisible = 0;
			defaultConfigurationName = Release;
		};
		B4E5C0562820612700F51C65 /* Build configuration list for PBXNativeTarget "ReadingList" */ = {
			isa = XCConfigurationList;
			buildConfigurations = (
				B4E5C0572820612700F51C65 /* Debug */,
				B4E5C0582820612700F51C65 /* Release */,
			);
			defaultConfigurationIsVisible = 0;
			defaultConfigurationName = Release;
		};
/* End XCConfigurationList section */
	};
	rootObject = B4E5C0402820612600F51C65 /* Project object */;
}
