// !$*UTF8*$!
{
	archiveVersion = 1;
	classes = {
	};
	objectVersion = 50;
	objects = {

/* Begin PBXBuildFile section */
		B42D8F8C23B131AA0062F018 /* TestReadingList.json in Resources */ = {isa = PBXBuildFile; fileRef = B42D8F8B23B131AA0062F018 /* TestReadingList.json */; };
		B42D8F8E23B159C00062F018 /* ReadingListView.swift in Sources */ = {isa = PBXBuildFile; fileRef = B42D8F8D23B159C00062F018 /* ReadingListView.swift */; };
		B42D8F9023B15F600062F018 /* ReadingList.json in Resources */ = {isa = PBXBuildFile; fileRef = B42D8F8F23B15F600062F018 /* ReadingList.json */; };
		B46F3FE423BBD14800A0A108 /* AddBookView.swift in Sources */ = {isa = PBXBuildFile; fileRef = B46F3FE323BBD14800A0A108 /* AddBookView.swift */; };
		B47AC33623A80C0D000D3728 /* Assets.xcassets in Resources */ = {isa = PBXBuildFile; fileRef = B47AC33523A80C0D000D3728 /* Assets.xcassets */; };
		B47AC33923A80C0D000D3728 /* Preview Assets.xcassets in Resources */ = {isa = PBXBuildFile; fileRef = B47AC33823A80C0D000D3728 /* Preview Assets.xcassets */; };
		B47AC33C23A80C0D000D3728 /* LaunchScreen.storyboard in Resources */ = {isa = PBXBuildFile; fileRef = B47AC33A23A80C0D000D3728 /* LaunchScreen.storyboard */; };
		B47AC34723A80C0D000D3728 /* ModelTests.swift in Sources */ = {isa = PBXBuildFile; fileRef = B47AC34623A80C0D000D3728 /* ModelTests.swift */; };
		B47AC35323AA71F4000D3728 /* Author.swift in Sources */ = {isa = PBXBuildFile; fileRef = B47AC35223AA71F4000D3728 /* Author.swift */; };
		B47AC35523AA7756000D3728 /* Book.swift in Sources */ = {isa = PBXBuildFile; fileRef = B47AC35423AA7756000D3728 /* Book.swift */; };
		B47AC35723AA7999000D3728 /* ReadingList.swift in Sources */ = {isa = PBXBuildFile; fileRef = B47AC35623AA7999000D3728 /* ReadingList.swift */; };
		B47AC35923AA7BAF000D3728 /* DataStore.swift in Sources */ = {isa = PBXBuildFile; fileRef = B47AC35823AA7BAF000D3728 /* DataStore.swift */; };
		B49AB2BC27EE582500BE2701 /* EditBookView.swift in Sources */ = {isa = PBXBuildFile; fileRef = B49AB2BB27EE582500BE2701 /* EditBookView.swift */; };
		B49AB2BE27EE583500BE2701 /* EditBookViewModel.swift in Sources */ = {isa = PBXBuildFile; fileRef = B49AB2BD27EE583500BE2701 /* EditBookViewModel.swift */; };
		B49AB2C027EE6E1100BE2701 /* BookCell.swift in Sources */ = {isa = PBXBuildFile; fileRef = B49AB2BF27EE6E1100BE2701 /* BookCell.swift */; };
		B49AB2C227EE6E1E00BE2701 /* BookCellViewModel.swift in Sources */ = {isa = PBXBuildFile; fileRef = B49AB2C127EE6E1E00BE2701 /* BookCellViewModel.swift */; };
		B49AB2C427EF7FE600BE2701 /* TextFieldWithClearButton.swift in Sources */ = {isa = PBXBuildFile; fileRef = B49AB2C327EF7FE600BE2701 /* TextFieldWithClearButton.swift */; };
		B49AB2EF27EFB77F00BE2701 /* Julius Caesar.jpg in Resources */ = {isa = PBXBuildFile; fileRef = B49AB2D327EFB77F00BE2701 /* Julius Caesar.jpg */; };
		B49AB2F127EFB77F00BE2701 /* War and Peace.jpg in Resources */ = {isa = PBXBuildFile; fileRef = B49AB2D527EFB77F00BE2701 /* War and Peace.jpg */; };
		B49AB2F227EFB77F00BE2701 /* The Possessed.jpg in Resources */ = {isa = PBXBuildFile; fileRef = B49AB2D627EFB77F00BE2701 /* The Possessed.jpg */; };
		B49AB2F327EFB77F00BE2701 /* Great Expectations.jpg in Resources */ = {isa = PBXBuildFile; fileRef = B49AB2D727EFB77F00BE2701 /* Great Expectations.jpg */; };
		B49AB2F427EFB77F00BE2701 /* Much Ado About Nothing.jpg in Resources */ = {isa = PBXBuildFile; fileRef = B49AB2D827EFB77F00BE2701 /* Much Ado About Nothing.jpg */; };
		B49AB2F527EFB77F00BE2701 /* The Odyssey.jpg in Resources */ = {isa = PBXBuildFile; fileRef = B49AB2D927EFB77F00BE2701 /* The Odyssey.jpg */; };
		B49AB2F827EFB77F00BE2701 /* The Time Machine.jpg in Resources */ = {isa = PBXBuildFile; fileRef = B49AB2DC27EFB77F00BE2701 /* The Time Machine.jpg */; };
		B49AB2FA27EFB77F00BE2701 /* Romeo and Juliet.jpg in Resources */ = {isa = PBXBuildFile; fileRef = B49AB2DE27EFB77F00BE2701 /* Romeo and Juliet.jpg */; };
		B49AB2FC27EFB77F00BE2701 /* The Iliad.jpg in Resources */ = {isa = PBXBuildFile; fileRef = B49AB2E027EFB77F00BE2701 /* The Iliad.jpg */; };
		B49AB2FD27EFB77F00BE2701 /* Treasure Island.jpg in Resources */ = {isa = PBXBuildFile; fileRef = B49AB2E127EFB77F00BE2701 /* Treasure Island.jpg */; };
		B49AB2FF27EFB77F00BE2701 /* Pride and Prejudice.jpg in Resources */ = {isa = PBXBuildFile; fileRef = B49AB2E327EFB77F00BE2701 /* Pride and Prejudice.jpg */; };
		B49AB30027EFB77F00BE2701 /* War of the Worlds.jpg in Resources */ = {isa = PBXBuildFile; fileRef = B49AB2E427EFB77F00BE2701 /* War of the Worlds.jpg */; };
		B49AB30127EFB77F00BE2701 /* 1984.jpg in Resources */ = {isa = PBXBuildFile; fileRef = B49AB2E527EFB77F00BE2701 /* 1984.jpg */; };
		B49AB30227EFB77F00BE2701 /* Emma.jpg in Resources */ = {isa = PBXBuildFile; fileRef = B49AB2E627EFB77F00BE2701 /* Emma.jpg */; };
		B49AB30A27F0B51300BE2701 /* The Brothers Karamozov.jpg in Resources */ = {isa = PBXBuildFile; fileRef = B49AB30827F0B51300BE2701 /* The Brothers Karamozov.jpg */; };
		B49AB30B27F0B51300BE2701 /* Anna Karenina.jpg in Resources */ = {isa = PBXBuildFile; fileRef = B49AB30927F0B51300BE2701 /* Anna Karenina.jpg */; };
		B4BFEEAD27E7C3980056F379 /* ReadingListViewModel.swift in Sources */ = {isa = PBXBuildFile; fileRef = B4BFEEAC27E7C3980056F379 /* ReadingListViewModel.swift */; };
		B4BFEEAF27E7C41F0056F379 /* ReadingListApp.swift in Sources */ = {isa = PBXBuildFile; fileRef = B4BFEEAE27E7C41F0056F379 /* ReadingListApp.swift */; };
/* End PBXBuildFile section */

/* Begin PBXContainerItemProxy section */
		B47AC34323A80C0D000D3728 /* PBXContainerItemProxy */ = {
			isa = PBXContainerItemProxy;
			containerPortal = B47AC32423A80C09000D3728 /* Project object */;
			proxyType = 1;
			remoteGlobalIDString = B47AC32B23A80C0A000D3728;
			remoteInfo = ReadingList;
		};
/* End PBXContainerItemProxy section */

/* Begin PBXFileReference section */
		B42D8F8B23B131AA0062F018 /* TestReadingList.json */ = {isa = PBXFileReference; lastKnownFileType = text.json; path = TestReadingList.json; sourceTree = "<group>"; };
		B42D8F8D23B159C00062F018 /* ReadingListView.swift */ = {isa = PBXFileReference; lastKnownFileType = sourcecode.swift; path = ReadingListView.swift; sourceTree = "<group>"; };
		B42D8F8F23B15F600062F018 /* ReadingList.json */ = {isa = PBXFileReference; lastKnownFileType = text.json; path = ReadingList.json; sourceTree = "<group>"; };
		B46F3FE323BBD14800A0A108 /* AddBookView.swift */ = {isa = PBXFileReference; lastKnownFileType = sourcecode.swift; path = AddBookView.swift; sourceTree = "<group>"; };
		B47AC32C23A80C0A000D3728 /* ReadingListApp.app */ = {isa = PBXFileReference; explicitFileType = wrapper.application; includeInIndex = 0; path = ReadingListApp.app; sourceTree = BUILT_PRODUCTS_DIR; };
		B47AC33523A80C0D000D3728 /* Assets.xcassets */ = {isa = PBXFileReference; lastKnownFileType = folder.assetcatalog; path = Assets.xcassets; sourceTree = "<group>"; };
		B47AC33823A80C0D000D3728 /* Preview Assets.xcassets */ = {isa = PBXFileReference; lastKnownFileType = folder.assetcatalog; path = "Preview Assets.xcassets"; sourceTree = "<group>"; };
		B47AC33B23A80C0D000D3728 /* Base */ = {isa = PBXFileReference; lastKnownFileType = file.storyboard; name = Base; path = Base.lproj/LaunchScreen.storyboard; sourceTree = "<group>"; };
		B47AC33D23A80C0D000D3728 /* Info.plist */ = {isa = PBXFileReference; lastKnownFileType = text.plist.xml; path = Info.plist; sourceTree = "<group>"; };
		B47AC34223A80C0D000D3728 /* ReadingListTests.xctest */ = {isa = PBXFileReference; explicitFileType = wrapper.cfbundle; includeInIndex = 0; path = ReadingListTests.xctest; sourceTree = BUILT_PRODUCTS_DIR; };
		B47AC34623A80C0D000D3728 /* ModelTests.swift */ = {isa = PBXFileReference; lastKnownFileType = sourcecode.swift; path = ModelTests.swift; sourceTree = "<group>"; };
		B47AC34823A80C0D000D3728 /* Info.plist */ = {isa = PBXFileReference; lastKnownFileType = text.plist.xml; path = Info.plist; sourceTree = "<group>"; };
		B47AC35223AA71F4000D3728 /* Author.swift */ = {isa = PBXFileReference; lastKnownFileType = sourcecode.swift; path = Author.swift; sourceTree = "<group>"; };
		B47AC35423AA7756000D3728 /* Book.swift */ = {isa = PBXFileReference; lastKnownFileType = sourcecode.swift; path = Book.swift; sourceTree = "<group>"; };
		B47AC35623AA7999000D3728 /* ReadingList.swift */ = {isa = PBXFileReference; lastKnownFileType = sourcecode.swift; path = ReadingList.swift; sourceTree = "<group>"; };
		B47AC35823AA7BAF000D3728 /* DataStore.swift */ = {isa = PBXFileReference; lastKnownFileType = sourcecode.swift; path = DataStore.swift; sourceTree = "<group>"; };
		B49AB2BB27EE582500BE2701 /* EditBookView.swift */ = {isa = PBXFileReference; lastKnownFileType = sourcecode.swift; path = EditBookView.swift; sourceTree = "<group>"; };
		B49AB2BD27EE583500BE2701 /* EditBookViewModel.swift */ = {isa = PBXFileReference; lastKnownFileType = sourcecode.swift; path = EditBookViewModel.swift; sourceTree = "<group>"; };
		B49AB2BF27EE6E1100BE2701 /* BookCell.swift */ = {isa = PBXFileReference; lastKnownFileType = sourcecode.swift; path = BookCell.swift; sourceTree = "<group>"; };
		B49AB2C127EE6E1E00BE2701 /* BookCellViewModel.swift */ = {isa = PBXFileReference; lastKnownFileType = sourcecode.swift; path = BookCellViewModel.swift; sourceTree = "<group>"; };
		B49AB2C327EF7FE600BE2701 /* TextFieldWithClearButton.swift */ = {isa = PBXFileReference; lastKnownFileType = sourcecode.swift; path = TextFieldWithClearButton.swift; sourceTree = "<group>"; };
		B49AB2D327EFB77F00BE2701 /* Julius Caesar.jpg */ = {isa = PBXFileReference; lastKnownFileType = image.jpeg; path = "Julius Caesar.jpg"; sourceTree = "<group>"; };
		B49AB2D527EFB77F00BE2701 /* War and Peace.jpg */ = {isa = PBXFileReference; lastKnownFileType = image.jpeg; path = "War and Peace.jpg"; sourceTree = "<group>"; };
		B49AB2D627EFB77F00BE2701 /* The Possessed.jpg */ = {isa = PBXFileReference; lastKnownFileType = image.jpeg; path = "The Possessed.jpg"; sourceTree = "<group>"; };
		B49AB2D727EFB77F00BE2701 /* Great Expectations.jpg */ = {isa = PBXFileReference; lastKnownFileType = image.jpeg; path = "Great Expectations.jpg"; sourceTree = "<group>"; };
		B49AB2D827EFB77F00BE2701 /* Much Ado About Nothing.jpg */ = {isa = PBXFileReference; lastKnownFileType = image.jpeg; path = "Much Ado About Nothing.jpg"; sourceTree = "<group>"; };
		B49AB2D927EFB77F00BE2701 /* The Odyssey.jpg */ = {isa = PBXFileReference; lastKnownFileType = image.jpeg; path = "The Odyssey.jpg"; sourceTree = "<group>"; };
		B49AB2DC27EFB77F00BE2701 /* The Time Machine.jpg */ = {isa = PBXFileReference; lastKnownFileType = image.jpeg; path = "The Time Machine.jpg"; sourceTree = "<group>"; };
		B49AB2DE27EFB77F00BE2701 /* Romeo and Juliet.jpg */ = {isa = PBXFileReference; lastKnownFileType = image.jpeg; path = "Romeo and Juliet.jpg"; sourceTree = "<group>"; };
		B49AB2E027EFB77F00BE2701 /* The Iliad.jpg */ = {isa = PBXFileReference; lastKnownFileType = image.jpeg; path = "The Iliad.jpg"; sourceTree = "<group>"; };
		B49AB2E127EFB77F00BE2701 /* Treasure Island.jpg */ = {isa = PBXFileReference; lastKnownFileType = image.jpeg; path = "Treasure Island.jpg"; sourceTree = "<group>"; };
		B49AB2E327EFB77F00BE2701 /* Pride and Prejudice.jpg */ = {isa = PBXFileReference; lastKnownFileType = image.jpeg; path = "Pride and Prejudice.jpg"; sourceTree = "<group>"; };
		B49AB2E427EFB77F00BE2701 /* War of the Worlds.jpg */ = {isa = PBXFileReference; lastKnownFileType = image.jpeg; path = "War of the Worlds.jpg"; sourceTree = "<group>"; };
		B49AB2E527EFB77F00BE2701 /* 1984.jpg */ = {isa = PBXFileReference; lastKnownFileType = image.jpeg; path = 1984.jpg; sourceTree = "<group>"; };
		B49AB2E627EFB77F00BE2701 /* Emma.jpg */ = {isa = PBXFileReference; lastKnownFileType = image.jpeg; path = Emma.jpg; sourceTree = "<group>"; };
		B49AB30827F0B51300BE2701 /* The Brothers Karamozov.jpg */ = {isa = PBXFileReference; lastKnownFileType = image.jpeg; path = "The Brothers Karamozov.jpg"; sourceTree = "<group>"; };
		B49AB30927F0B51300BE2701 /* Anna Karenina.jpg */ = {isa = PBXFileReference; lastKnownFileType = image.jpeg; path = "Anna Karenina.jpg"; sourceTree = "<group>"; };
		B4BFEEAC27E7C3980056F379 /* ReadingListViewModel.swift */ = {isa = PBXFileReference; lastKnownFileType = sourcecode.swift; path = ReadingListViewModel.swift; sourceTree = "<group>"; };
		B4BFEEAE27E7C41F0056F379 /* ReadingListApp.swift */ = {isa = PBXFileReference; lastKnownFileType = sourcecode.swift; path = ReadingListApp.swift; sourceTree = "<group>"; };
/* End PBXFileReference section */

/* Begin PBXFrameworksBuildPhase section */
		B47AC32923A80C0A000D3728 /* Frameworks */ = {
			isa = PBXFrameworksBuildPhase;
			buildActionMask = 2147483647;
			files = (
			);
			runOnlyForDeploymentPostprocessing = 0;
		};
		B47AC33F23A80C0D000D3728 /* Frameworks */ = {
			isa = PBXFrameworksBuildPhase;
			buildActionMask = 2147483647;
			files = (
			);
			runOnlyForDeploymentPostprocessing = 0;
		};
/* End PBXFrameworksBuildPhase section */

/* Begin PBXGroup section */
		B47AC32323A80C09000D3728 = {
			isa = PBXGroup;
			children = (
				B49AB2CD27EFB77F00BE2701 /* Cover Images */,
				B47AC35123AA71DA000D3728 /* ReadingListModel */,
				B47AC32E23A80C0A000D3728 /* ReadingListApp */,
				B47AC34523A80C0D000D3728 /* ReadingListTests */,
				B47AC32D23A80C0A000D3728 /* Products */,
			);
			sourceTree = "<group>";
		};
		B47AC32D23A80C0A000D3728 /* Products */ = {
			isa = PBXGroup;
			children = (
				B47AC32C23A80C0A000D3728 /* ReadingListApp.app */,
				B47AC34223A80C0D000D3728 /* ReadingListTests.xctest */,
			);
			name = Products;
			sourceTree = "<group>";
		};
		B47AC32E23A80C0A000D3728 /* ReadingListApp */ = {
			isa = PBXGroup;
			children = (
				B4BFEEAE27E7C41F0056F379 /* ReadingListApp.swift */,
				B42D8F8D23B159C00062F018 /* ReadingListView.swift */,
				B4BFEEAC27E7C3980056F379 /* ReadingListViewModel.swift */,
				B49AB2BF27EE6E1100BE2701 /* BookCell.swift */,
				B49AB2C127EE6E1E00BE2701 /* BookCellViewModel.swift */,
				B49AB2BB27EE582500BE2701 /* EditBookView.swift */,
				B49AB2BD27EE583500BE2701 /* EditBookViewModel.swift */,
				B46F3FE323BBD14800A0A108 /* AddBookView.swift */,
				B49AB2C327EF7FE600BE2701 /* TextFieldWithClearButton.swift */,
				B47AC33523A80C0D000D3728 /* Assets.xcassets */,
				B47AC33A23A80C0D000D3728 /* LaunchScreen.storyboard */,
				B47AC33D23A80C0D000D3728 /* Info.plist */,
				B47AC33723A80C0D000D3728 /* Preview Content */,
			);
			path = ReadingListApp;
			sourceTree = "<group>";
		};
		B47AC33723A80C0D000D3728 /* Preview Content */ = {
			isa = PBXGroup;
			children = (
				B47AC33823A80C0D000D3728 /* Preview Assets.xcassets */,
			);
			path = "Preview Content";
			sourceTree = "<group>";
		};
		B47AC34523A80C0D000D3728 /* ReadingListTests */ = {
			isa = PBXGroup;
			children = (
				B47AC34623A80C0D000D3728 /* ModelTests.swift */,
				B42D8F8B23B131AA0062F018 /* TestReadingList.json */,
				B47AC34823A80C0D000D3728 /* Info.plist */,
			);
			path = ReadingListTests;
			sourceTree = "<group>";
		};
		B47AC35123AA71DA000D3728 /* ReadingListModel */ = {
			isa = PBXGroup;
			children = (
				B47AC35223AA71F4000D3728 /* Author.swift */,
				B47AC35423AA7756000D3728 /* Book.swift */,
				B47AC35623AA7999000D3728 /* ReadingList.swift */,
				B47AC35823AA7BAF000D3728 /* DataStore.swift */,
				B42D8F8F23B15F600062F018 /* ReadingList.json */,
			);
			path = ReadingListModel;
			sourceTree = "<group>";
		};
		B49AB2CD27EFB77F00BE2701 /* Cover Images */ = {
			isa = PBXGroup;
			children = (
				B49AB30927F0B51300BE2701 /* Anna Karenina.jpg */,
				B49AB2E527EFB77F00BE2701 /* 1984.jpg */,
				B49AB2E627EFB77F00BE2701 /* Emma.jpg */,
				B49AB2D727EFB77F00BE2701 /* Great Expectations.jpg */,
				B49AB2D327EFB77F00BE2701 /* Julius Caesar.jpg */,
				B49AB2D827EFB77F00BE2701 /* Much Ado About Nothing.jpg */,
				B49AB2E327EFB77F00BE2701 /* Pride and Prejudice.jpg */,
				B49AB2DE27EFB77F00BE2701 /* Romeo and Juliet.jpg */,
				B49AB30827F0B51300BE2701 /* The Brothers Karamozov.jpg */,
				B49AB2E027EFB77F00BE2701 /* The Iliad.jpg */,
				B49AB2D627EFB77F00BE2701 /* The Possessed.jpg */,
				B49AB2D927EFB77F00BE2701 /* The Odyssey.jpg */,
				B49AB2DC27EFB77F00BE2701 /* The Time Machine.jpg */,
				B49AB2E127EFB77F00BE2701 /* Treasure Island.jpg */,
				B49AB2D527EFB77F00BE2701 /* War and Peace.jpg */,
				B49AB2E427EFB77F00BE2701 /* War of the Worlds.jpg */,
			);
			path = "Cover Images";
			sourceTree = "<group>";
		};
/* End PBXGroup section */

/* Begin PBXNativeTarget section */
		B47AC32B23A80C0A000D3728 /* ReadingListApp */ = {
			isa = PBXNativeTarget;
			buildConfigurationList = B47AC34B23A80C0D000D3728 /* Build configuration list for PBXNativeTarget "ReadingListApp" */;
			buildPhases = (
				B47AC32823A80C0A000D3728 /* Sources */,
				B47AC32923A80C0A000D3728 /* Frameworks */,
				B47AC32A23A80C0A000D3728 /* Resources */,
			);
			buildRules = (
			);
			dependencies = (
			);
			name = ReadingListApp;
			productName = ReadingList;
			productReference = B47AC32C23A80C0A000D3728 /* ReadingListApp.app */;
			productType = "com.apple.product-type.application";
		};
		B47AC34123A80C0D000D3728 /* ReadingListTests */ = {
			isa = PBXNativeTarget;
			buildConfigurationList = B47AC34E23A80C0D000D3728 /* Build configuration list for PBXNativeTarget "ReadingListTests" */;
			buildPhases = (
				B47AC33E23A80C0D000D3728 /* Sources */,
				B47AC33F23A80C0D000D3728 /* Frameworks */,
				B47AC34023A80C0D000D3728 /* Resources */,
			);
			buildRules = (
			);
			dependencies = (
				B47AC34423A80C0D000D3728 /* PBXTargetDependency */,
			);
			name = ReadingListTests;
			productName = ReadingListTests;
			productReference = B47AC34223A80C0D000D3728 /* ReadingListTests.xctest */;
			productType = "com.apple.product-type.bundle.unit-test";
		};
/* End PBXNativeTarget section */

/* Begin PBXProject section */
		B47AC32423A80C09000D3728 /* Project object */ = {
			isa = PBXProject;
			attributes = {
				LastSwiftUpdateCheck = 1120;
				LastUpgradeCheck = 1330;
				ORGANIZATIONNAME = "About Objects";
				TargetAttributes = {
					B47AC32B23A80C0A000D3728 = {
						CreatedOnToolsVersion = 11.2.1;
					};
					B47AC34123A80C0D000D3728 = {
						CreatedOnToolsVersion = 11.2.1;
						TestTargetID = B47AC32B23A80C0A000D3728;
					};
				};
			};
			buildConfigurationList = B47AC32723A80C09000D3728 /* Build configuration list for PBXProject "ReadingListApp" */;
			compatibilityVersion = "Xcode 9.3";
			developmentRegion = en;
			hasScannedForEncodings = 0;
			knownRegions = (
				en,
				Base,
			);
			mainGroup = B47AC32323A80C09000D3728;
			productRefGroup = B47AC32D23A80C0A000D3728 /* Products */;
			projectDirPath = "";
			projectRoot = "";
			targets = (
				B47AC32B23A80C0A000D3728 /* ReadingListApp */,
				B47AC34123A80C0D000D3728 /* ReadingListTests */,
			);
		};
/* End PBXProject section */

/* Begin PBXResourcesBuildPhase section */
		B47AC32A23A80C0A000D3728 /* Resources */ = {
			isa = PBXResourcesBuildPhase;
			buildActionMask = 2147483647;
			files = (
				B49AB2F827EFB77F00BE2701 /* The Time Machine.jpg in Resources */,
				B49AB2F527EFB77F00BE2701 /* The Odyssey.jpg in Resources */,
				B49AB2EF27EFB77F00BE2701 /* Julius Caesar.jpg in Resources */,
				B49AB2F327EFB77F00BE2701 /* Great Expectations.jpg in Resources */,
				B49AB30A27F0B51300BE2701 /* The Brothers Karamozov.jpg in Resources */,
				B49AB30127EFB77F00BE2701 /* 1984.jpg in Resources */,
				B49AB30027EFB77F00BE2701 /* War of the Worlds.jpg in Resources */,
				B47AC33C23A80C0D000D3728 /* LaunchScreen.storyboard in Resources */,
				B49AB2F427EFB77F00BE2701 /* Much Ado About Nothing.jpg in Resources */,
				B47AC33923A80C0D000D3728 /* Preview Assets.xcassets in Resources */,
				B49AB2F127EFB77F00BE2701 /* War and Peace.jpg in Resources */,
				B49AB2FF27EFB77F00BE2701 /* Pride and Prejudice.jpg in Resources */,
				B49AB2FC27EFB77F00BE2701 /* The Iliad.jpg in Resources */,
				B49AB30227EFB77F00BE2701 /* Emma.jpg in Resources */,
				B49AB2F227EFB77F00BE2701 /* The Possessed.jpg in Resources */,
				B49AB30B27F0B51300BE2701 /* Anna Karenina.jpg in Resources */,
				B42D8F9023B15F600062F018 /* ReadingList.json in Resources */,
				B49AB2FD27EFB77F00BE2701 /* Treasure Island.jpg in Resources */,
				B49AB2FA27EFB77F00BE2701 /* Romeo and Juliet.jpg in Resources */,
				B47AC33623A80C0D000D3728 /* Assets.xcassets in Resources */,
			);
			runOnlyForDeploymentPostprocessing = 0;
		};
		B47AC34023A80C0D000D3728 /* Resources */ = {
			isa = PBXResourcesBuildPhase;
			buildActionMask = 2147483647;
			files = (
				B42D8F8C23B131AA0062F018 /* TestReadingList.json in Resources */,
			);
			runOnlyForDeploymentPostprocessing = 0;
		};
/* End PBXResourcesBuildPhase section */

/* Begin PBXSourcesBuildPhase section */
		B47AC32823A80C0A000D3728 /* Sources */ = {
			isa = PBXSourcesBuildPhase;
			buildActionMask = 2147483647;
			files = (
				B49AB2BC27EE582500BE2701 /* EditBookView.swift in Sources */,
				B46F3FE423BBD14800A0A108 /* AddBookView.swift in Sources */,
				B49AB2C027EE6E1100BE2701 /* BookCell.swift in Sources */,
				B42D8F8E23B159C00062F018 /* ReadingListView.swift in Sources */,
				B4BFEEAF27E7C41F0056F379 /* ReadingListApp.swift in Sources */,
				B49AB2C227EE6E1E00BE2701 /* BookCellViewModel.swift in Sources */,
				B49AB2C427EF7FE600BE2701 /* TextFieldWithClearButton.swift in Sources */,
				B4BFEEAD27E7C3980056F379 /* ReadingListViewModel.swift in Sources */,
				B47AC35723AA7999000D3728 /* ReadingList.swift in Sources */,
				B47AC35323AA71F4000D3728 /* Author.swift in Sources */,
				B47AC35523AA7756000D3728 /* Book.swift in Sources */,
				B47AC35923AA7BAF000D3728 /* DataStore.swift in Sources */,
				B49AB2BE27EE583500BE2701 /* EditBookViewModel.swift in Sources */,
			);
			runOnlyForDeploymentPostprocessing = 0;
		};
		B47AC33E23A80C0D000D3728 /* Sources */ = {
			isa = PBXSourcesBuildPhase;
			buildActionMask = 2147483647;
			files = (
				B47AC34723A80C0D000D3728 /* ModelTests.swift in Sources */,
			);
			runOnlyForDeploymentPostprocessing = 0;
		};
/* End PBXSourcesBuildPhase section */

/* Begin PBXTargetDependency section */
		B47AC34423A80C0D000D3728 /* PBXTargetDependency */ = {
			isa = PBXTargetDependency;
			target = B47AC32B23A80C0A000D3728 /* ReadingListApp */;
			targetProxy = B47AC34323A80C0D000D3728 /* PBXContainerItemProxy */;
		};
/* End PBXTargetDependency section */

/* Begin PBXVariantGroup section */
		B47AC33A23A80C0D000D3728 /* LaunchScreen.storyboard */ = {
			isa = PBXVariantGroup;
			children = (
				B47AC33B23A80C0D000D3728 /* Base */,
			);
			name = LaunchScreen.storyboard;
			sourceTree = "<group>";
		};
/* End PBXVariantGroup section */

/* Begin XCBuildConfiguration section */
		B47AC34923A80C0D000D3728 /* Debug */ = {
			isa = XCBuildConfiguration;
			buildSettings = {
				ALWAYS_SEARCH_USER_PATHS = NO;
				CLANG_ANALYZER_NONNULL = YES;
				CLANG_ANALYZER_NUMBER_OBJECT_CONVERSION = YES_AGGRESSIVE;
				CLANG_CXX_LANGUAGE_STANDARD = "gnu++14";
				CLANG_CXX_LIBRARY = "libc++";
				CLANG_ENABLE_MODULES = YES;
				CLANG_ENABLE_OBJC_ARC = YES;
				CLANG_ENABLE_OBJC_WEAK = YES;
				CLANG_WARN_BLOCK_CAPTURE_AUTORELEASING = YES;
				CLANG_WARN_BOOL_CONVERSION = YES;
				CLANG_WARN_COMMA = YES;
				CLANG_WARN_CONSTANT_CONVERSION = YES;
				CLANG_WARN_DEPRECATED_OBJC_IMPLEMENTATIONS = YES;
				CLANG_WARN_DIRECT_OBJC_ISA_USAGE = YES_ERROR;
				CLANG_WARN_DOCUMENTATION_COMMENTS = YES;
				CLANG_WARN_EMPTY_BODY = YES;
				CLANG_WARN_ENUM_CONVERSION = YES;
				CLANG_WARN_INFINITE_RECURSION = YES;
				CLANG_WARN_INT_CONVERSION = YES;
				CLANG_WARN_NON_LITERAL_NULL_CONVERSION = YES;
				CLANG_WARN_OBJC_IMPLICIT_RETAIN_SELF = YES;
				CLANG_WARN_OBJC_LITERAL_CONVERSION = YES;
				CLANG_WARN_OBJC_ROOT_CLASS = YES_ERROR;
				CLANG_WARN_QUOTED_INCLUDE_IN_FRAMEWORK_HEADER = YES;
				CLANG_WARN_RANGE_LOOP_ANALYSIS = YES;
				CLANG_WARN_STRICT_PROTOTYPES = YES;
				CLANG_WARN_SUSPICIOUS_MOVE = YES;
				CLANG_WARN_UNGUARDED_AVAILABILITY = YES_AGGRESSIVE;
				CLANG_WARN_UNREACHABLE_CODE = YES;
				CLANG_WARN__DUPLICATE_METHOD_MATCH = YES;
				COPY_PHASE_STRIP = NO;
				DEBUG_INFORMATION_FORMAT = dwarf;
				ENABLE_STRICT_OBJC_MSGSEND = YES;
				ENABLE_TESTABILITY = YES;
				GCC_C_LANGUAGE_STANDARD = gnu11;
				GCC_DYNAMIC_NO_PIC = NO;
				GCC_NO_COMMON_BLOCKS = YES;
				GCC_OPTIMIZATION_LEVEL = 0;
				GCC_PREPROCESSOR_DEFINITIONS = (
					"DEBUG=1",
					"$(inherited)",
				);
				GCC_WARN_64_TO_32_BIT_CONVERSION = YES;
				GCC_WARN_ABOUT_RETURN_TYPE = YES_ERROR;
				GCC_WARN_UNDECLARED_SELECTOR = YES;
				GCC_WARN_UNINITIALIZED_AUTOS = YES_AGGRESSIVE;
				GCC_WARN_UNUSED_FUNCTION = YES;
				GCC_WARN_UNUSED_VARIABLE = YES;
				IPHONEOS_DEPLOYMENT_TARGET = 15.4;
				MTL_ENABLE_DEBUG_INFO = INCLUDE_SOURCE;
				MTL_FAST_MATH = YES;
				ONLY_ACTIVE_ARCH = YES;
				SDKROOT = iphoneos;
				SWIFT_ACTIVE_COMPILATION_CONDITIONS = DEBUG;
				SWIFT_OPTIMIZATION_LEVEL = "-Onone";
			};
			name = Debug;
		};
		B47AC34A23A80C0D000D3728 /* Release */ = {
			isa = XCBuildConfiguration;
			buildSettings = {
				ALWAYS_SEARCH_USER_PATHS = NO;
				CLANG_ANALYZER_NONNULL = YES;
				CLANG_ANALYZER_NUMBER_OBJECT_CONVERSION = YES_AGGRESSIVE;
				CLANG_CXX_LANGUAGE_STANDARD = "gnu++14";
				CLANG_CXX_LIBRARY = "libc++";
				CLANG_ENABLE_MODULES = YES;
				CLANG_ENABLE_OBJC_ARC = YES;
				CLANG_ENABLE_OBJC_WEAK = YES;
				CLANG_WARN_BLOCK_CAPTURE_AUTORELEASING = YES;
				CLANG_WARN_BOOL_CONVERSION = YES;
				CLANG_WARN_COMMA = YES;
				CLANG_WARN_CONSTANT_CONVERSION = YES;
				CLANG_WARN_DEPRECATED_OBJC_IMPLEMENTATIONS = YES;
				CLANG_WARN_DIRECT_OBJC_ISA_USAGE = YES_ERROR;
				CLANG_WARN_DOCUMENTATION_COMMENTS = YES;
				CLANG_WARN_EMPTY_BODY = YES;
				CLANG_WARN_ENUM_CONVERSION = YES;
				CLANG_WARN_INFINITE_RECURSION = YES;
				CLANG_WARN_INT_CONVERSION = YES;
				CLANG_WARN_NON_LITERAL_NULL_CONVERSION = YES;
				CLANG_WARN_OBJC_IMPLICIT_RETAIN_SELF = YES;
				CLANG_WARN_OBJC_LITERAL_CONVERSION = YES;
				CLANG_WARN_OBJC_ROOT_CLASS = YES_ERROR;
				CLANG_WARN_QUOTED_INCLUDE_IN_FRAMEWORK_HEADER = YES;
				CLANG_WARN_RANGE_LOOP_ANALYSIS = YES;
				CLANG_WARN_STRICT_PROTOTYPES = YES;
				CLANG_WARN_SUSPICIOUS_MOVE = YES;
				CLANG_WARN_UNGUARDED_AVAILABILITY = YES_AGGRESSIVE;
				CLANG_WARN_UNREACHABLE_CODE = YES;
				CLANG_WARN__DUPLICATE_METHOD_MATCH = YES;
				COPY_PHASE_STRIP = NO;
				DEBUG_INFORMATION_FORMAT = "dwarf-with-dsym";
				ENABLE_NS_ASSERTIONS = NO;
				ENABLE_STRICT_OBJC_MSGSEND = YES;
				GCC_C_LANGUAGE_STANDARD = gnu11;
				GCC_NO_COMMON_BLOCKS = YES;
				GCC_WARN_64_TO_32_BIT_CONVERSION = YES;
				GCC_WARN_ABOUT_RETURN_TYPE = YES_ERROR;
				GCC_WARN_UNDECLARED_SELECTOR = YES;
				GCC_WARN_UNINITIALIZED_AUTOS = YES_AGGRESSIVE;
				GCC_WARN_UNUSED_FUNCTION = YES;
				GCC_WARN_UNUSED_VARIABLE = YES;
				IPHONEOS_DEPLOYMENT_TARGET = 15.4;
				MTL_ENABLE_DEBUG_INFO = NO;
				MTL_FAST_MATH = YES;
				SDKROOT = iphoneos;
				SWIFT_COMPILATION_MODE = wholemodule;
				SWIFT_OPTIMIZATION_LEVEL = "-O";
				VALIDATE_PRODUCT = YES;
			};
			name = Release;
		};
		B47AC34C23A80C0D000D3728 /* Debug */ = {
			isa = XCBuildConfiguration;
			buildSettings = {
				ASSETCATALOG_COMPILER_APPICON_NAME = AppIcon;
				CODE_SIGN_STYLE = Automatic;
				DEVELOPMENT_ASSET_PATHS = "\"ReadingListApp/Preview Content\"";
				DEVELOPMENT_TEAM = 7J7LD9SB6Q;
				ENABLE_PREVIEWS = YES;
				INFOPLIST_FILE = ReadingListApp/Info.plist;
				LD_RUNPATH_SEARCH_PATHS = (
					"$(inherited)",
					"@executable_path/Frameworks",
				);
				PRODUCT_BUNDLE_IDENTIFIER = com.aboutobjects.swiftui.ReadingListApp;
				PRODUCT_NAME = ReadingListApp;
				SWIFT_VERSION = 5.0;
				TARGETED_DEVICE_FAMILY = "1,2";
			};
			name = Debug;
		};
		B47AC34D23A80C0D000D3728 /* Release */ = {
			isa = XCBuildConfiguration;
			buildSettings = {
				ASSETCATALOG_COMPILER_APPICON_NAME = AppIcon;
				CODE_SIGN_STYLE = Automatic;
				DEVELOPMENT_ASSET_PATHS = "\"ReadingListApp/Preview Content\"";
				DEVELOPMENT_TEAM = 7J7LD9SB6Q;
				ENABLE_PREVIEWS = YES;
				INFOPLIST_FILE = ReadingListApp/Info.plist;
				LD_RUNPATH_SEARCH_PATHS = (
					"$(inherited)",
					"@executable_path/Frameworks",
				);
				PRODUCT_BUNDLE_IDENTIFIER = com.aboutobjects.swiftui.ReadingListApp;
				PRODUCT_NAME = ReadingListApp;
				SWIFT_VERSION = 5.0;
				TARGETED_DEVICE_FAMILY = "1,2";
			};
			name = Release;
		};
		B47AC34F23A80C0D000D3728 /* Debug */ = {
			isa = XCBuildConfiguration;
			buildSettings = {
				ALWAYS_EMBED_SWIFT_STANDARD_LIBRARIES = YES;
				BUNDLE_LOADER = "$(TEST_HOST)";
				CODE_SIGN_STYLE = Automatic;
				DEVELOPMENT_TEAM = 7J7LD9SB6Q;
				INFOPLIST_FILE = ReadingListTests/Info.plist;
				IPHONEOS_DEPLOYMENT_TARGET = 15.4;
				LD_RUNPATH_SEARCH_PATHS = (
					"$(inherited)",
					"@executable_path/Frameworks",
					"@loader_path/Frameworks",
				);
				PRODUCT_BUNDLE_IDENTIFIER = com.aboutobjects.swiftui.ReadingListTests;
				PRODUCT_NAME = "$(TARGET_NAME)";
				SWIFT_VERSION = 5.0;
				TARGETED_DEVICE_FAMILY = "1,2";
				TEST_HOST = "$(BUILT_PRODUCTS_DIR)/ReadingListApp.app/ReadingListApp";
			};
			name = Debug;
		};
		B47AC35023A80C0D000D3728 /* Release */ = {
			isa = XCBuildConfiguration;
			buildSettings = {
				ALWAYS_EMBED_SWIFT_STANDARD_LIBRARIES = YES;
				BUNDLE_LOADER = "$(TEST_HOST)";
				CODE_SIGN_STYLE = Automatic;
				DEVELOPMENT_TEAM = 7J7LD9SB6Q;
				INFOPLIST_FILE = ReadingListTests/Info.plist;
				IPHONEOS_DEPLOYMENT_TARGET = 15.4;
				LD_RUNPATH_SEARCH_PATHS = (
					"$(inherited)",
					"@executable_path/Frameworks",
					"@loader_path/Frameworks",
				);
				PRODUCT_BUNDLE_IDENTIFIER = com.aboutobjects.swiftui.ReadingListTests;
				PRODUCT_NAME = "$(TARGET_NAME)";
				SWIFT_VERSION = 5.0;
				TARGETED_DEVICE_FAMILY = "1,2";
				TEST_HOST = "$(BUILT_PRODUCTS_DIR)/ReadingListApp.app/ReadingListApp";
			};
			name = Release;
		};
/* End XCBuildConfiguration section */

/* Begin XCConfigurationList section */
		B47AC32723A80C09000D3728 /* Build configuration list for PBXProject "ReadingListApp" */ = {
			isa = XCConfigurationList;
			buildConfigurations = (
				B47AC34923A80C0D000D3728 /* Debug */,
				B47AC34A23A80C0D000D3728 /* Release */,
			);
			defaultConfigurationIsVisible = 0;
			defaultConfigurationName = Release;
		};
		B47AC34B23A80C0D000D3728 /* Build configuration list for PBXNativeTarget "ReadingListApp" */ = {
			isa = XCConfigurationList;
			buildConfigurations = (
				B47AC34C23A80C0D000D3728 /* Debug */,
				B47AC34D23A80C0D000D3728 /* Release */,
			);
			defaultConfigurationIsVisible = 0;
			defaultConfigurationName = Release;
		};
		B47AC34E23A80C0D000D3728 /* Build configuration list for PBXNativeTarget "ReadingListTests" */ = {
			isa = XCConfigurationList;
			buildConfigurations = (
				B47AC34F23A80C0D000D3728 /* Debug */,
				B47AC35023A80C0D000D3728 /* Release */,
			);
			defaultConfigurationIsVisible = 0;
			defaultConfigurationName = Release;
		};
/* End XCConfigurationList section */
	};
	rootObject = B47AC32423A80C09000D3728 /* Project object */;
}
